
Microsoft Visual Studio Solution File, Format Version 12.00
# Visual Studio Version 17
VisualStudioVersion = 17.0.32126.317
MinimumVisualStudioVersion = 10.0.40219.1
Project("{9A19103F-16F7-4668-BE54-9A1E7A4F7556}") = "PB.Projekt.Bank", "PB.Projekt.Bank\PB.Projekt.Bank.csproj", "{55635684-CC81-400C-95CB-240B06063EB5}"
EndProject
Project("{FAE04EC0-301F-11D3-BF4B-00C04F79EFBC}") = "Plik", "Plik\Plik.csproj", "{2361291C-FB47-4BC0-A189-7B1D58AEEFFB}"
EndProject
Global
	GlobalSection(SolutionConfigurationPlatforms) = preSolution
		Debug|Any CPU = Debug|Any CPU
		Release|Any CPU = Release|Any CPU
	EndGlobalSection
	GlobalSection(ProjectConfigurationPlatforms) = postSolution
		{55635684-CC81-400C-95CB-240B06063EB5}.Debug|Any CPU.ActiveCfg = Debug|Any CPU
		{55635684-CC81-400C-95CB-240B06063EB5}.Debug|Any CPU.Build.0 = Debug|Any CPU
		{55635684-CC81-400C-95CB-240B06063EB5}.Release|Any CPU.ActiveCfg = Release|Any CPU
		{55635684-CC81-400C-95CB-240B06063EB5}.Release|Any CPU.Build.0 = Release|Any CPU
		{2361291C-FB47-4BC0-A189-7B1D58AEEFFB}.Debug|Any CPU.ActiveCfg = Debug|Any CPU
		{2361291C-FB47-4BC0-A189-7B1D58AEEFFB}.Debug|Any CPU.Build.0 = Debug|Any CPU
		{2361291C-FB47-4BC0-A189-7B1D58AEEFFB}.Release|Any CPU.ActiveCfg = Release|Any CPU
		{2361291C-FB47-4BC0-A189-7B1D58AEEFFB}.Release|Any CPU.Build.0 = Release|Any CPU
	EndGlobalSection
	GlobalSection(SolutionProperties) = preSolution
		HideSolutionNode = FALSE
	EndGlobalSection
	GlobalSection(ExtensibilityGlobals) = postSolution
		SolutionGuid = {CBEC7119-D38A-4D60-972A-548B565E02A2}
	EndGlobalSection
EndGlobal
